// !$*UTF8*$!
{
	archiveVersion = 1;
	classes = {
	};
	objectVersion = 46;
	objects = {

/* Begin PBXBuildFile section */
		B110AF5C1F19733C008A8AB6 /* AppDelegate.swift in Sources */ = {isa = PBXBuildFile; fileRef = B110AF5B1F19733C008A8AB6 /* AppDelegate.swift */; };
		B110AF5E1F19733C008A8AB6 /* MapsViewController.swift in Sources */ = {isa = PBXBuildFile; fileRef = B110AF5D1F19733C008A8AB6 /* MapsViewController.swift */; };
		B110AF611F19733C008A8AB6 /* Main.storyboard in Resources */ = {isa = PBXBuildFile; fileRef = B110AF5F1F19733C008A8AB6 /* Main.storyboard */; };
		B110AF641F19733C008A8AB6 /* Upspot.xcdatamodeld in Sources */ = {isa = PBXBuildFile; fileRef = B110AF621F19733C008A8AB6 /* Upspot.xcdatamodeld */; };
		B110AF661F19733C008A8AB6 /* Assets.xcassets in Resources */ = {isa = PBXBuildFile; fileRef = B110AF651F19733C008A8AB6 /* Assets.xcassets */; };
		B110AF691F19733C008A8AB6 /* LaunchScreen.storyboard in Resources */ = {isa = PBXBuildFile; fileRef = B110AF671F19733C008A8AB6 /* LaunchScreen.storyboard */; };
		B110AF711F1976C5008A8AB6 /* Podfile in Resources */ = {isa = PBXBuildFile; fileRef = B110AF701F1976C5008A8AB6 /* Podfile */; };
		B12C4E721F26DC4C003BE344 /* User.swift in Sources */ = {isa = PBXBuildFile; fileRef = B12C4E711F26DC4C003BE344 /* User.swift */; };
		B12C4E741F26FE6F003BE344 /* Alert.swift in Sources */ = {isa = PBXBuildFile; fileRef = B12C4E731F26FE6F003BE344 /* Alert.swift */; };
		B1400C461F1D0B9A001C5D78 /* CustomButton.swift in Sources */ = {isa = PBXBuildFile; fileRef = B1400C451F1D0B99001C5D78 /* CustomButton.swift */; };
		B1400C4B1F1D1397001C5D78 /* CitiesViewController.swift in Sources */ = {isa = PBXBuildFile; fileRef = B1400C4A1F1D1397001C5D78 /* CitiesViewController.swift */; };
		B1400C4E1F1D2012001C5D78 /* City.swift in Sources */ = {isa = PBXBuildFile; fileRef = B1400C4D1F1D2012001C5D78 /* City.swift */; };
		B1400C501F1D2066001C5D78 /* SwiftyJSON.swift in Sources */ = {isa = PBXBuildFile; fileRef = B1400C4F1F1D2066001C5D78 /* SwiftyJSON.swift */; };
		B1400C531F1D2311001C5D78 /* CitiesTableViewCellController.swift in Sources */ = {isa = PBXBuildFile; fileRef = B1400C521F1D2311001C5D78 /* CitiesTableViewCellController.swift */; };
		B1400C551F1D6C22001C5D78 /* cities.json in Resources */ = {isa = PBXBuildFile; fileRef = B1400C541F1D6C22001C5D78 /* cities.json */; };
		B1400C571F1D6C69001C5D78 /* markers.json in Resources */ = {isa = PBXBuildFile; fileRef = B1400C561F1D6C69001C5D78 /* markers.json */; };
		B1400C591F1DA01C001C5D78 /* BookingViewController.swift in Sources */ = {isa = PBXBuildFile; fileRef = B1400C581F1DA01C001C5D78 /* BookingViewController.swift */; };
		B166CDA81F1F02140043D3ED /* spot-details.json in Resources */ = {isa = PBXBuildFile; fileRef = B166CDA71F1F02140043D3ED /* spot-details.json */; };
		B17133CC1F291802009C7AEA /* ottawa.jpg in Resources */ = {isa = PBXBuildFile; fileRef = B17133C81F291802009C7AEA /* ottawa.jpg */; };
		B17133CD1F291802009C7AEA /* quebec.jpg in Resources */ = {isa = PBXBuildFile; fileRef = B17133C91F291802009C7AEA /* quebec.jpg */; };
		B17133CE1F291802009C7AEA /* toronto.jpg in Resources */ = {isa = PBXBuildFile; fileRef = B17133CA1F291802009C7AEA /* toronto.jpg */; };
		B17133CF1F291802009C7AEA /* vancouver.jpg in Resources */ = {isa = PBXBuildFile; fileRef = B17133CB1F291802009C7AEA /* vancouver.jpg */; };
		B17133DB1F291839009C7AEA /* spot-detail-1.jpg in Resources */ = {isa = PBXBuildFile; fileRef = B17133D21F291839009C7AEA /* spot-detail-1.jpg */; };
		B17133DC1F291839009C7AEA /* spot-detail-2.jpg in Resources */ = {isa = PBXBuildFile; fileRef = B17133D31F291839009C7AEA /* spot-detail-2.jpg */; };
		B17133DD1F291839009C7AEA /* spot-detail-3.jpg in Resources */ = {isa = PBXBuildFile; fileRef = B17133D41F291839009C7AEA /* spot-detail-3.jpg */; };
		B17133DE1F291839009C7AEA /* spot-detail-4.jpg in Resources */ = {isa = PBXBuildFile; fileRef = B17133D51F291839009C7AEA /* spot-detail-4.jpg */; };
		B17133DF1F291839009C7AEA /* spot-detail-5.jpg in Resources */ = {isa = PBXBuildFile; fileRef = B17133D61F291839009C7AEA /* spot-detail-5.jpg */; };
		B17133E01F291839009C7AEA /* spot-detail-6.jpg in Resources */ = {isa = PBXBuildFile; fileRef = B17133D71F291839009C7AEA /* spot-detail-6.jpg */; };
		B17133E11F291839009C7AEA /* spot-detail-7.jpg in Resources */ = {isa = PBXBuildFile; fileRef = B17133D81F291839009C7AEA /* spot-detail-7.jpg */; };
		B17133E21F291839009C7AEA /* spot-detail-8.jpg in Resources */ = {isa = PBXBuildFile; fileRef = B17133D91F291839009C7AEA /* spot-detail-8.jpg */; };
		B17133E31F291839009C7AEA /* spot-detail-9.jpg in Resources */ = {isa = PBXBuildFile; fileRef = B17133DA1F291839009C7AEA /* spot-detail-9.jpg */; };
		B17133EE1F29184D009C7AEA /* user1.jpg in Resources */ = {isa = PBXBuildFile; fileRef = B17133E51F29184D009C7AEA /* user1.jpg */; };
		B17133EF1F29184D009C7AEA /* user2.jpg in Resources */ = {isa = PBXBuildFile; fileRef = B17133E61F29184D009C7AEA /* user2.jpg */; };
		B17133F01F29184D009C7AEA /* user3.jpg in Resources */ = {isa = PBXBuildFile; fileRef = B17133E71F29184D009C7AEA /* user3.jpg */; };
		B17133F11F29184D009C7AEA /* user4.jpg in Resources */ = {isa = PBXBuildFile; fileRef = B17133E81F29184D009C7AEA /* user4.jpg */; };
		B17133F21F29184D009C7AEA /* user5.jpg in Resources */ = {isa = PBXBuildFile; fileRef = B17133E91F29184D009C7AEA /* user5.jpg */; };
		B17133F31F29184D009C7AEA /* user6.jpg in Resources */ = {isa = PBXBuildFile; fileRef = B17133EA1F29184D009C7AEA /* user6.jpg */; };
		B17133F41F29184D009C7AEA /* user7.jpg in Resources */ = {isa = PBXBuildFile; fileRef = B17133EB1F29184D009C7AEA /* user7.jpg */; };
		B17133F51F29184D009C7AEA /* user8.jpg in Resources */ = {isa = PBXBuildFile; fileRef = B17133EC1F29184D009C7AEA /* user8.jpg */; };
		B17133F61F29184D009C7AEA /* user9.jpg in Resources */ = {isa = PBXBuildFile; fileRef = B17133ED1F29184D009C7AEA /* user9.jpg */; };
		B172D0521F19B13E00F5B8C7 /* AmsiPro-Black.ttf in Resources */ = {isa = PBXBuildFile; fileRef = B172D04B1F19B13E00F5B8C7 /* AmsiPro-Black.ttf */; };
		B172D0531F19B13E00F5B8C7 /* AmsiPro-Bold.ttf in Resources */ = {isa = PBXBuildFile; fileRef = B172D04C1F19B13E00F5B8C7 /* AmsiPro-Bold.ttf */; };
		B172D0541F19B13E00F5B8C7 /* AmsiPro-Light.ttf in Resources */ = {isa = PBXBuildFile; fileRef = B172D04D1F19B13E00F5B8C7 /* AmsiPro-Light.ttf */; };
		B172D0551F19B13E00F5B8C7 /* AmsiPro-Regular.ttf in Resources */ = {isa = PBXBuildFile; fileRef = B172D04E1F19B13E00F5B8C7 /* AmsiPro-Regular.ttf */; };
		B172D0561F19B13E00F5B8C7 /* AmsiPro-SemiBold.ttf in Resources */ = {isa = PBXBuildFile; fileRef = B172D04F1F19B13E00F5B8C7 /* AmsiPro-SemiBold.ttf */; };
		B172D0571F19B13E00F5B8C7 /* AmsiPro-Ultra.ttf in Resources */ = {isa = PBXBuildFile; fileRef = B172D0501F19B13E00F5B8C7 /* AmsiPro-Ultra.ttf */; };
		B172D0581F19B13E00F5B8C7 /* AmsiPro-XLight.ttf in Resources */ = {isa = PBXBuildFile; fileRef = B172D0511F19B13E00F5B8C7 /* AmsiPro-XLight.ttf */; };
		B1DEEA4F1F22E0C100466242 /* HistoryViewController.swift in Sources */ = {isa = PBXBuildFile; fileRef = B1DEEA4E1F22E0C100466242 /* HistoryViewController.swift */; };
		B1DEEA511F22E36D00466242 /* HistoryTableViewCellController.swift in Sources */ = {isa = PBXBuildFile; fileRef = B1DEEA501F22E36D00466242 /* HistoryTableViewCellController.swift */; };
		B1F840D51F26741E0066D112 /* Spot.swift in Sources */ = {isa = PBXBuildFile; fileRef = B1F840D41F26741E0066D112 /* Spot.swift */; };
		B768F0DD0466A5375BFF8AC7 /* libPods-Upspot.a in Frameworks */ = {isa = PBXBuildFile; fileRef = 425B843EEC59BE11D4A53B1F /* libPods-Upspot.a */; };
/* End PBXBuildFile section */

/* Begin PBXFileReference section */
		425B843EEC59BE11D4A53B1F /* libPods-Upspot.a */ = {isa = PBXFileReference; explicitFileType = archive.ar; includeInIndex = 0; path = "libPods-Upspot.a"; sourceTree = BUILT_PRODUCTS_DIR; };
		6AA9AB5B4109E58BDAA5EADD /* Pods-Upspot.release.xcconfig */ = {isa = PBXFileReference; includeInIndex = 1; lastKnownFileType = text.xcconfig; name = "Pods-Upspot.release.xcconfig"; path = "Pods/Target Support Files/Pods-Upspot/Pods-Upspot.release.xcconfig"; sourceTree = "<group>"; };
		B110AF581F19733C008A8AB6 /* Upspot.app */ = {isa = PBXFileReference; explicitFileType = wrapper.application; includeInIndex = 0; path = Upspot.app; sourceTree = BUILT_PRODUCTS_DIR; };
		B110AF5B1F19733C008A8AB6 /* AppDelegate.swift */ = {isa = PBXFileReference; lastKnownFileType = sourcecode.swift; path = AppDelegate.swift; sourceTree = "<group>"; };
		B110AF5D1F19733C008A8AB6 /* MapsViewController.swift */ = {isa = PBXFileReference; lastKnownFileType = sourcecode.swift; path = MapsViewController.swift; sourceTree = "<group>"; };
		B110AF601F19733C008A8AB6 /* Base */ = {isa = PBXFileReference; lastKnownFileType = file.storyboard; name = Base; path = Base.lproj/Main.storyboard; sourceTree = "<group>"; };
		B110AF631F19733C008A8AB6 /* Upspot.xcdatamodel */ = {isa = PBXFileReference; lastKnownFileType = wrapper.xcdatamodel; path = Upspot.xcdatamodel; sourceTree = "<group>"; };
		B110AF651F19733C008A8AB6 /* Assets.xcassets */ = {isa = PBXFileReference; lastKnownFileType = folder.assetcatalog; path = Assets.xcassets; sourceTree = "<group>"; };
		B110AF681F19733C008A8AB6 /* Base */ = {isa = PBXFileReference; lastKnownFileType = file.storyboard; name = Base; path = Base.lproj/LaunchScreen.storyboard; sourceTree = "<group>"; };
		B110AF6A1F19733C008A8AB6 /* Info.plist */ = {isa = PBXFileReference; lastKnownFileType = text.plist.xml; path = Info.plist; sourceTree = "<group>"; };
		B110AF701F1976C5008A8AB6 /* Podfile */ = {isa = PBXFileReference; fileEncoding = 4; lastKnownFileType = text; path = Podfile; sourceTree = "<group>"; };
		B12C4E711F26DC4C003BE344 /* User.swift */ = {isa = PBXFileReference; fileEncoding = 4; lastKnownFileType = sourcecode.swift; path = User.swift; sourceTree = "<group>"; };
		B12C4E731F26FE6F003BE344 /* Alert.swift */ = {isa = PBXFileReference; fileEncoding = 4; lastKnownFileType = sourcecode.swift; path = Alert.swift; sourceTree = "<group>"; };
		B1400C451F1D0B99001C5D78 /* CustomButton.swift */ = {isa = PBXFileReference; fileEncoding = 4; lastKnownFileType = sourcecode.swift; path = CustomButton.swift; sourceTree = "<group>"; };
		B1400C4A1F1D1397001C5D78 /* CitiesViewController.swift */ = {isa = PBXFileReference; fileEncoding = 4; lastKnownFileType = sourcecode.swift; path = CitiesViewController.swift; sourceTree = "<group>"; };
		B1400C4D1F1D2012001C5D78 /* City.swift */ = {isa = PBXFileReference; fileEncoding = 4; lastKnownFileType = sourcecode.swift; path = City.swift; sourceTree = "<group>"; };
		B1400C4F1F1D2066001C5D78 /* SwiftyJSON.swift */ = {isa = PBXFileReference; fileEncoding = 4; lastKnownFileType = sourcecode.swift; path = SwiftyJSON.swift; sourceTree = "<group>"; };
		B1400C521F1D2311001C5D78 /* CitiesTableViewCellController.swift */ = {isa = PBXFileReference; fileEncoding = 4; lastKnownFileType = sourcecode.swift; path = CitiesTableViewCellController.swift; sourceTree = "<group>"; };
		B1400C541F1D6C22001C5D78 /* cities.json */ = {isa = PBXFileReference; fileEncoding = 4; lastKnownFileType = text.json; path = cities.json; sourceTree = "<group>"; };
		B1400C561F1D6C69001C5D78 /* markers.json */ = {isa = PBXFileReference; fileEncoding = 4; lastKnownFileType = text.json; path = markers.json; sourceTree = "<group>"; };
		B1400C581F1DA01C001C5D78 /* BookingViewController.swift */ = {isa = PBXFileReference; fileEncoding = 4; lastKnownFileType = sourcecode.swift; path = BookingViewController.swift; sourceTree = "<group>"; };
		B166CDA71F1F02140043D3ED /* spot-details.json */ = {isa = PBXFileReference; fileEncoding = 4; lastKnownFileType = text.json; path = "spot-details.json"; sourceTree = "<group>"; };
		B17133C81F291802009C7AEA /* ottawa.jpg */ = {isa = PBXFileReference; lastKnownFileType = image.jpeg; path = ottawa.jpg; sourceTree = "<group>"; };
		B17133C91F291802009C7AEA /* quebec.jpg */ = {isa = PBXFileReference; lastKnownFileType = image.jpeg; path = quebec.jpg; sourceTree = "<group>"; };
		B17133CA1F291802009C7AEA /* toronto.jpg */ = {isa = PBXFileReference; lastKnownFileType = image.jpeg; path = toronto.jpg; sourceTree = "<group>"; };
		B17133CB1F291802009C7AEA /* vancouver.jpg */ = {isa = PBXFileReference; lastKnownFileType = image.jpeg; path = vancouver.jpg; sourceTree = "<group>"; };
		B17133D21F291839009C7AEA /* spot-detail-1.jpg */ = {isa = PBXFileReference; lastKnownFileType = image.jpeg; path = "spot-detail-1.jpg"; sourceTree = "<group>"; };
		B17133D31F291839009C7AEA /* spot-detail-2.jpg */ = {isa = PBXFileReference; lastKnownFileType = image.jpeg; path = "spot-detail-2.jpg"; sourceTree = "<group>"; };
		B17133D41F291839009C7AEA /* spot-detail-3.jpg */ = {isa = PBXFileReference; lastKnownFileType = image.jpeg; path = "spot-detail-3.jpg"; sourceTree = "<group>"; };
		B17133D51F291839009C7AEA /* spot-detail-4.jpg */ = {isa = PBXFileReference; lastKnownFileType = image.jpeg; path = "spot-detail-4.jpg"; sourceTree = "<group>"; };
		B17133D61F291839009C7AEA /* spot-detail-5.jpg */ = {isa = PBXFileReference; lastKnownFileType = image.jpeg; path = "spot-detail-5.jpg"; sourceTree = "<group>"; };
		B17133D71F291839009C7AEA /* spot-detail-6.jpg */ = {isa = PBXFileReference; lastKnownFileType = image.jpeg; path = "spot-detail-6.jpg"; sourceTree = "<group>"; };
		B17133D81F291839009C7AEA /* spot-detail-7.jpg */ = {isa = PBXFileReference; lastKnownFileType = image.jpeg; path = "spot-detail-7.jpg"; sourceTree = "<group>"; };
		B17133D91F291839009C7AEA /* spot-detail-8.jpg */ = {isa = PBXFileReference; lastKnownFileType = image.jpeg; path = "spot-detail-8.jpg"; sourceTree = "<group>"; };
		B17133DA1F291839009C7AEA /* spot-detail-9.jpg */ = {isa = PBXFileReference; lastKnownFileType = image.jpeg; path = "spot-detail-9.jpg"; sourceTree = "<group>"; };
		B17133E51F29184D009C7AEA /* user1.jpg */ = {isa = PBXFileReference; lastKnownFileType = image.jpeg; path = user1.jpg; sourceTree = "<group>"; };
		B17133E61F29184D009C7AEA /* user2.jpg */ = {isa = PBXFileReference; lastKnownFileType = image.jpeg; path = user2.jpg; sourceTree = "<group>"; };
		B17133E71F29184D009C7AEA /* user3.jpg */ = {isa = PBXFileReference; lastKnownFileType = image.jpeg; path = user3.jpg; sourceTree = "<group>"; };
		B17133E81F29184D009C7AEA /* user4.jpg */ = {isa = PBXFileReference; lastKnownFileType = image.jpeg; path = user4.jpg; sourceTree = "<group>"; };
		B17133E91F29184D009C7AEA /* user5.jpg */ = {isa = PBXFileReference; lastKnownFileType = image.jpeg; path = user5.jpg; sourceTree = "<group>"; };
		B17133EA1F29184D009C7AEA /* user6.jpg */ = {isa = PBXFileReference; lastKnownFileType = image.jpeg; path = user6.jpg; sourceTree = "<group>"; };
		B17133EB1F29184D009C7AEA /* user7.jpg */ = {isa = PBXFileReference; lastKnownFileType = image.jpeg; path = user7.jpg; sourceTree = "<group>"; };
		B17133EC1F29184D009C7AEA /* user8.jpg */ = {isa = PBXFileReference; lastKnownFileType = image.jpeg; path = user8.jpg; sourceTree = "<group>"; };
		B17133ED1F29184D009C7AEA /* user9.jpg */ = {isa = PBXFileReference; lastKnownFileType = image.jpeg; path = user9.jpg; sourceTree = "<group>"; };
		B172D04B1F19B13E00F5B8C7 /* AmsiPro-Black.ttf */ = {isa = PBXFileReference; lastKnownFileType = file; path = "AmsiPro-Black.ttf"; sourceTree = "<group>"; };
		B172D04C1F19B13E00F5B8C7 /* AmsiPro-Bold.ttf */ = {isa = PBXFileReference; lastKnownFileType = file; path = "AmsiPro-Bold.ttf"; sourceTree = "<group>"; };
		B172D04D1F19B13E00F5B8C7 /* AmsiPro-Light.ttf */ = {isa = PBXFileReference; lastKnownFileType = file; path = "AmsiPro-Light.ttf"; sourceTree = "<group>"; };
		B172D04E1F19B13E00F5B8C7 /* AmsiPro-Regular.ttf */ = {isa = PBXFileReference; lastKnownFileType = file; path = "AmsiPro-Regular.ttf"; sourceTree = "<group>"; };
		B172D04F1F19B13E00F5B8C7 /* AmsiPro-SemiBold.ttf */ = {isa = PBXFileReference; lastKnownFileType = file; path = "AmsiPro-SemiBold.ttf"; sourceTree = "<group>"; };
		B172D0501F19B13E00F5B8C7 /* AmsiPro-Ultra.ttf */ = {isa = PBXFileReference; lastKnownFileType = file; path = "AmsiPro-Ultra.ttf"; sourceTree = "<group>"; };
		B172D0511F19B13E00F5B8C7 /* AmsiPro-XLight.ttf */ = {isa = PBXFileReference; lastKnownFileType = file; path = "AmsiPro-XLight.ttf"; sourceTree = "<group>"; };
		B1DEEA4E1F22E0C100466242 /* HistoryViewController.swift */ = {isa = PBXFileReference; fileEncoding = 4; lastKnownFileType = sourcecode.swift; path = HistoryViewController.swift; sourceTree = "<group>"; };
		B1DEEA501F22E36D00466242 /* HistoryTableViewCellController.swift */ = {isa = PBXFileReference; fileEncoding = 4; lastKnownFileType = sourcecode.swift; path = HistoryTableViewCellController.swift; sourceTree = "<group>"; };
		B1F840D41F26741E0066D112 /* Spot.swift */ = {isa = PBXFileReference; fileEncoding = 4; lastKnownFileType = sourcecode.swift; path = Spot.swift; sourceTree = "<group>"; };
		C2553C5972D7BC8A13154473 /* Pods-Upspot.debug.xcconfig */ = {isa = PBXFileReference; includeInIndex = 1; lastKnownFileType = text.xcconfig; name = "Pods-Upspot.debug.xcconfig"; path = "Pods/Target Support Files/Pods-Upspot/Pods-Upspot.debug.xcconfig"; sourceTree = "<group>"; };
/* End PBXFileReference section */

/* Begin PBXFrameworksBuildPhase section */
		B110AF551F19733C008A8AB6 /* Frameworks */ = {
			isa = PBXFrameworksBuildPhase;
			buildActionMask = 2147483647;
			files = (
				B768F0DD0466A5375BFF8AC7 /* libPods-Upspot.a in Frameworks */,
			);
			runOnlyForDeploymentPostprocessing = 0;
		};
/* End PBXFrameworksBuildPhase section */

/* Begin PBXGroup section */
		9565D021BB9374383A412FC9 /* Pods */ = {
			isa = PBXGroup;
			children = (
				C2553C5972D7BC8A13154473 /* Pods-Upspot.debug.xcconfig */,
				6AA9AB5B4109E58BDAA5EADD /* Pods-Upspot.release.xcconfig */,
			);
			name = Pods;
			sourceTree = "<group>";
		};
		9F95A85A1CE9FA04AD274CFF /* Frameworks */ = {
			isa = PBXGroup;
			children = (
				425B843EEC59BE11D4A53B1F /* libPods-Upspot.a */,
			);
			name = Frameworks;
			sourceTree = "<group>";
		};
		B110AF4F1F19733C008A8AB6 = {
			isa = PBXGroup;
			children = (
				B110AF701F1976C5008A8AB6 /* Podfile */,
				B110AF5A1F19733C008A8AB6 /* Upspot */,
				B110AF591F19733C008A8AB6 /* Products */,
				9565D021BB9374383A412FC9 /* Pods */,
				9F95A85A1CE9FA04AD274CFF /* Frameworks */,
			);
			sourceTree = "<group>";
		};
		B110AF591F19733C008A8AB6 /* Products */ = {
			isa = PBXGroup;
			children = (
				B110AF581F19733C008A8AB6 /* Upspot.app */,
			);
			name = Products;
			sourceTree = "<group>";
		};
		B110AF5A1F19733C008A8AB6 /* Upspot */ = {
			isa = PBXGroup;
			children = (
				B17133C71F2917BD009C7AEA /* Github */,
				B172D0491F19A7CD00F5B8C7 /* JSON */,
				B172D04A1F19B0E200F5B8C7 /* Fonts */,
				B1400C441F1D0B44001C5D78 /* CustomUI */,
				B1400C511F1D206C001C5D78 /* Library */,
				B1400C4C1F1D1FBA001C5D78 /* Model */,
				B110AF5B1F19733C008A8AB6 /* AppDelegate.swift */,
				B1400C4A1F1D1397001C5D78 /* CitiesViewController.swift */,
				B1400C521F1D2311001C5D78 /* CitiesTableViewCellController.swift */,
				B110AF5D1F19733C008A8AB6 /* MapsViewController.swift */,
				B1400C581F1DA01C001C5D78 /* BookingViewController.swift */,
				B1DEEA4E1F22E0C100466242 /* HistoryViewController.swift */,
				B1DEEA501F22E36D00466242 /* HistoryTableViewCellController.swift */,
				B110AF5F1F19733C008A8AB6 /* Main.storyboard */,
				B110AF651F19733C008A8AB6 /* Assets.xcassets */,
				B110AF671F19733C008A8AB6 /* LaunchScreen.storyboard */,
				B110AF6A1F19733C008A8AB6 /* Info.plist */,
				B110AF621F19733C008A8AB6 /* Upspot.xcdatamodeld */,
			);
			path = Upspot;
			sourceTree = "<group>";
		};
		B1400C441F1D0B44001C5D78 /* CustomUI */ = {
			isa = PBXGroup;
			children = (
				B1400C451F1D0B99001C5D78 /* CustomButton.swift */,
			);
			name = CustomUI;
			sourceTree = "<group>";
		};
		B1400C4C1F1D1FBA001C5D78 /* Model */ = {
			isa = PBXGroup;
			children = (
				B1400C4D1F1D2012001C5D78 /* City.swift */,
				B12C4E711F26DC4C003BE344 /* User.swift */,
				B1F840D41F26741E0066D112 /* Spot.swift */,
				B12C4E731F26FE6F003BE344 /* Alert.swift */,
			);
			name = Model;
			sourceTree = "<group>";
		};
		B1400C511F1D206C001C5D78 /* Library */ = {
			isa = PBXGroup;
			children = (
				B1400C4F1F1D2066001C5D78 /* SwiftyJSON.swift */,
			);
			name = Library;
			sourceTree = "<group>";
		};
		B17133C71F2917BD009C7AEA /* Github */ = {
			isa = PBXGroup;
			children = (
				B17133E41F29183E009C7AEA /* Users */,
				B17133D11F291828009C7AEA /* Spots */,
				B17133D01F29181C009C7AEA /* Cities */,
			);
			name = Github;
			sourceTree = "<group>";
		};
		B17133D01F29181C009C7AEA /* Cities */ = {
			isa = PBXGroup;
			children = (
				B17133C81F291802009C7AEA /* ottawa.jpg */,
				B17133C91F291802009C7AEA /* quebec.jpg */,
				B17133CA1F291802009C7AEA /* toronto.jpg */,
				B17133CB1F291802009C7AEA /* vancouver.jpg */,
			);
			name = Cities;
			sourceTree = "<group>";
		};
		B17133D11F291828009C7AEA /* Spots */ = {
			isa = PBXGroup;
			children = (
				B17133D21F291839009C7AEA /* spot-detail-1.jpg */,
				B17133D31F291839009C7AEA /* spot-detail-2.jpg */,
				B17133D41F291839009C7AEA /* spot-detail-3.jpg */,
				B17133D51F291839009C7AEA /* spot-detail-4.jpg */,
				B17133D61F291839009C7AEA /* spot-detail-5.jpg */,
				B17133D71F291839009C7AEA /* spot-detail-6.jpg */,
				B17133D81F291839009C7AEA /* spot-detail-7.jpg */,
				B17133D91F291839009C7AEA /* spot-detail-8.jpg */,
				B17133DA1F291839009C7AEA /* spot-detail-9.jpg */,
			);
			name = Spots;
			sourceTree = "<group>";
		};
		B17133E41F29183E009C7AEA /* Users */ = {
			isa = PBXGroup;
			children = (
				B17133E51F29184D009C7AEA /* user1.jpg */,
				B17133E61F29184D009C7AEA /* user2.jpg */,
				B17133E71F29184D009C7AEA /* user3.jpg */,
				B17133E81F29184D009C7AEA /* user4.jpg */,
				B17133E91F29184D009C7AEA /* user5.jpg */,
				B17133EA1F29184D009C7AEA /* user6.jpg */,
				B17133EB1F29184D009C7AEA /* user7.jpg */,
				B17133EC1F29184D009C7AEA /* user8.jpg */,
				B17133ED1F29184D009C7AEA /* user9.jpg */,
			);
			name = Users;
			sourceTree = "<group>";
		};
		B172D0491F19A7CD00F5B8C7 /* JSON */ = {
			isa = PBXGroup;
			children = (
				B1400C541F1D6C22001C5D78 /* cities.json */,
				B1400C561F1D6C69001C5D78 /* markers.json */,
				B166CDA71F1F02140043D3ED /* spot-details.json */,
			);
			name = JSON;
			sourceTree = "<group>";
		};
		B172D04A1F19B0E200F5B8C7 /* Fonts */ = {
			isa = PBXGroup;
			children = (
				B172D04B1F19B13E00F5B8C7 /* AmsiPro-Black.ttf */,
				B172D04C1F19B13E00F5B8C7 /* AmsiPro-Bold.ttf */,
				B172D04D1F19B13E00F5B8C7 /* AmsiPro-Light.ttf */,
				B172D04E1F19B13E00F5B8C7 /* AmsiPro-Regular.ttf */,
				B172D04F1F19B13E00F5B8C7 /* AmsiPro-SemiBold.ttf */,
				B172D0501F19B13E00F5B8C7 /* AmsiPro-Ultra.ttf */,
				B172D0511F19B13E00F5B8C7 /* AmsiPro-XLight.ttf */,
			);
			name = Fonts;
			sourceTree = "<group>";
		};
/* End PBXGroup section */

/* Begin PBXNativeTarget section */
		B110AF571F19733C008A8AB6 /* Upspot */ = {
			isa = PBXNativeTarget;
			buildConfigurationList = B110AF6D1F19733C008A8AB6 /* Build configuration list for PBXNativeTarget "Upspot" */;
			buildPhases = (
				976267B0F2048CA53A6DA51F /* [CP] Check Pods Manifest.lock */,
				B110AF541F19733C008A8AB6 /* Sources */,
				B110AF551F19733C008A8AB6 /* Frameworks */,
				B110AF561F19733C008A8AB6 /* Resources */,
				8E51D72FDCD2CB0FB48533F2 /* [CP] Embed Pods Frameworks */,
				1EC9DCD5D09ECB6580FAFD75 /* [CP] Copy Pods Resources */,
			);
			buildRules = (
			);
			dependencies = (
			);
			name = Upspot;
			productName = Upspot;
			productReference = B110AF581F19733C008A8AB6 /* Upspot.app */;
			productType = "com.apple.product-type.application";
		};
/* End PBXNativeTarget section */

/* Begin PBXProject section */
		B110AF501F19733C008A8AB6 /* Project object */ = {
			isa = PBXProject;
			attributes = {
				LastSwiftUpdateCheck = 0830;
				LastUpgradeCheck = 0830;
				ORGANIZATIONNAME = "Bruno Campos";
				TargetAttributes = {
					B110AF571F19733C008A8AB6 = {
						CreatedOnToolsVersion = 8.3.3;
						ProvisioningStyle = Automatic;
					};
				};
			};
			buildConfigurationList = B110AF531F19733C008A8AB6 /* Build configuration list for PBXProject "Upspot" */;
			compatibilityVersion = "Xcode 3.2";
			developmentRegion = English;
			hasScannedForEncodings = 0;
			knownRegions = (
				en,
				Base,
			);
			mainGroup = B110AF4F1F19733C008A8AB6;
			productRefGroup = B110AF591F19733C008A8AB6 /* Products */;
			projectDirPath = "";
			projectRoot = "";
			targets = (
				B110AF571F19733C008A8AB6 /* Upspot */,
			);
		};
/* End PBXProject section */

/* Begin PBXResourcesBuildPhase section */
		B110AF561F19733C008A8AB6 /* Resources */ = {
			isa = PBXResourcesBuildPhase;
			buildActionMask = 2147483647;
			files = (
				B17133EE1F29184D009C7AEA /* user1.jpg in Resources */,
				B17133DF1F291839009C7AEA /* spot-detail-5.jpg in Resources */,
				B17133DB1F291839009C7AEA /* spot-detail-1.jpg in Resources */,
				B1400C571F1D6C69001C5D78 /* markers.json in Resources */,
				B17133F41F29184D009C7AEA /* user7.jpg in Resources */,
				B17133CE1F291802009C7AEA /* toronto.jpg in Resources */,
				B172D0541F19B13E00F5B8C7 /* AmsiPro-Light.ttf in Resources */,
				B17133F01F29184D009C7AEA /* user3.jpg in Resources */,
				B17133CF1F291802009C7AEA /* vancouver.jpg in Resources */,
				B17133DC1F291839009C7AEA /* spot-detail-2.jpg in Resources */,
				B17133F31F29184D009C7AEA /* user6.jpg in Resources */,
				B17133DD1F291839009C7AEA /* spot-detail-3.jpg in Resources */,
				B172D0551F19B13E00F5B8C7 /* AmsiPro-Regular.ttf in Resources */,
				B17133E01F291839009C7AEA /* spot-detail-6.jpg in Resources */,
				B17133F21F29184D009C7AEA /* user5.jpg in Resources */,
				B110AF691F19733C008A8AB6 /* LaunchScreen.storyboard in Resources */,
				B172D0521F19B13E00F5B8C7 /* AmsiPro-Black.ttf in Resources */,
				B110AF661F19733C008A8AB6 /* Assets.xcassets in Resources */,
				B172D0531F19B13E00F5B8C7 /* AmsiPro-Bold.ttf in Resources */,
				B172D0561F19B13E00F5B8C7 /* AmsiPro-SemiBold.ttf in Resources */,
				B166CDA81F1F02140043D3ED /* spot-details.json in Resources */,
				B17133F51F29184D009C7AEA /* user8.jpg in Resources */,
				B1400C551F1D6C22001C5D78 /* cities.json in Resources */,
				B17133DE1F291839009C7AEA /* spot-detail-4.jpg in Resources */,
				B17133F61F29184D009C7AEA /* user9.jpg in Resources */,
				B17133E31F291839009C7AEA /* spot-detail-9.jpg in Resources */,
				B110AF711F1976C5008A8AB6 /* Podfile in Resources */,
				B17133EF1F29184D009C7AEA /* user2.jpg in Resources */,
				B17133E21F291839009C7AEA /* spot-detail-8.jpg in Resources */,
				B110AF611F19733C008A8AB6 /* Main.storyboard in Resources */,
				B17133E11F291839009C7AEA /* spot-detail-7.jpg in Resources */,
				B172D0571F19B13E00F5B8C7 /* AmsiPro-Ultra.ttf in Resources */,
				B172D0581F19B13E00F5B8C7 /* AmsiPro-XLight.ttf in Resources */,
				B17133F11F29184D009C7AEA /* user4.jpg in Resources */,
				B17133CD1F291802009C7AEA /* quebec.jpg in Resources */,
				B17133CC1F291802009C7AEA /* ottawa.jpg in Resources */,
			);
			runOnlyForDeploymentPostprocessing = 0;
		};
/* End PBXResourcesBuildPhase section */

/* Begin PBXShellScriptBuildPhase section */
		1EC9DCD5D09ECB6580FAFD75 /* [CP] Copy Pods Resources */ = {
			isa = PBXShellScriptBuildPhase;
			buildActionMask = 2147483647;
			files = (
			);
			inputPaths = (
			);
			name = "[CP] Copy Pods Resources";
			outputPaths = (
			);
			runOnlyForDeploymentPostprocessing = 0;
			shellPath = /bin/sh;
			shellScript = "\"${SRCROOT}/Pods/Target Support Files/Pods-Upspot/Pods-Upspot-resources.sh\"\n";
			showEnvVarsInLog = 0;
		};
		8E51D72FDCD2CB0FB48533F2 /* [CP] Embed Pods Frameworks */ = {
			isa = PBXShellScriptBuildPhase;
			buildActionMask = 2147483647;
			files = (
			);
			inputPaths = (
			);
			name = "[CP] Embed Pods Frameworks";
			outputPaths = (
			);
			runOnlyForDeploymentPostprocessing = 0;
			shellPath = /bin/sh;
			shellScript = "\"${SRCROOT}/Pods/Target Support Files/Pods-Upspot/Pods-Upspot-frameworks.sh\"\n";
			showEnvVarsInLog = 0;
		};
		976267B0F2048CA53A6DA51F /* [CP] Check Pods Manifest.lock */ = {
			isa = PBXShellScriptBuildPhase;
			buildActionMask = 2147483647;
			files = (
			);
			inputPaths = (
			);
			name = "[CP] Check Pods Manifest.lock";
			outputPaths = (
			);
			runOnlyForDeploymentPostprocessing = 0;
			shellPath = /bin/sh;
			shellScript = "diff \"${PODS_PODFILE_DIR_PATH}/Podfile.lock\" \"${PODS_ROOT}/Manifest.lock\" > /dev/null\nif [ $? != 0 ] ; then\n    # print error to STDERR\n    echo \"error: The sandbox is not in sync with the Podfile.lock. Run 'pod install' or update your CocoaPods installation.\" >&2\n    exit 1\nfi\n";
			showEnvVarsInLog = 0;
		};
/* End PBXShellScriptBuildPhase section */

/* Begin PBXSourcesBuildPhase section */
		B110AF541F19733C008A8AB6 /* Sources */ = {
			isa = PBXSourcesBuildPhase;
			buildActionMask = 2147483647;
			files = (
				B12C4E721F26DC4C003BE344 /* User.swift in Sources */,
				B110AF5E1F19733C008A8AB6 /* MapsViewController.swift in Sources */,
				B1400C591F1DA01C001C5D78 /* BookingViewController.swift in Sources */,
				B1DEEA511F22E36D00466242 /* HistoryTableViewCellController.swift in Sources */,
				B1400C4B1F1D1397001C5D78 /* CitiesViewController.swift in Sources */,
				B1DEEA4F1F22E0C100466242 /* HistoryViewController.swift in Sources */,
				B12C4E741F26FE6F003BE344 /* Alert.swift in Sources */,
				B1400C4E1F1D2012001C5D78 /* City.swift in Sources */,
				B110AF641F19733C008A8AB6 /* Upspot.xcdatamodeld in Sources */,
				B1F840D51F26741E0066D112 /* Spot.swift in Sources */,
				B1400C531F1D2311001C5D78 /* CitiesTableViewCellController.swift in Sources */,
				B110AF5C1F19733C008A8AB6 /* AppDelegate.swift in Sources */,
				B1400C501F1D2066001C5D78 /* SwiftyJSON.swift in Sources */,
				B1400C461F1D0B9A001C5D78 /* CustomButton.swift in Sources */,
			);
			runOnlyForDeploymentPostprocessing = 0;
		};
/* End PBXSourcesBuildPhase section */

/* Begin PBXVariantGroup section */
		B110AF5F1F19733C008A8AB6 /* Main.storyboard */ = {
			isa = PBXVariantGroup;
			children = (
				B110AF601F19733C008A8AB6 /* Base */,
			);
			name = Main.storyboard;
			sourceTree = "<group>";
		};
		B110AF671F19733C008A8AB6 /* LaunchScreen.storyboard */ = {
			isa = PBXVariantGroup;
			children = (
				B110AF681F19733C008A8AB6 /* Base */,
			);
			name = LaunchScreen.storyboard;
			sourceTree = "<group>";
		};
/* End PBXVariantGroup section */

/* Begin XCBuildConfiguration section */
		B110AF6B1F19733C008A8AB6 /* Debug */ = {
			isa = XCBuildConfiguration;
			buildSettings = {
				ALWAYS_SEARCH_USER_PATHS = NO;
				CLANG_ANALYZER_NONNULL = YES;
				CLANG_ANALYZER_NUMBER_OBJECT_CONVERSION = YES_AGGRESSIVE;
				CLANG_CXX_LANGUAGE_STANDARD = "gnu++0x";
				CLANG_CXX_LIBRARY = "libc++";
				CLANG_ENABLE_MODULES = YES;
				CLANG_ENABLE_OBJC_ARC = YES;
				CLANG_WARN_BOOL_CONVERSION = YES;
				CLANG_WARN_CONSTANT_CONVERSION = YES;
				CLANG_WARN_DIRECT_OBJC_ISA_USAGE = YES_ERROR;
				CLANG_WARN_DOCUMENTATION_COMMENTS = YES;
				CLANG_WARN_EMPTY_BODY = YES;
				CLANG_WARN_ENUM_CONVERSION = YES;
				CLANG_WARN_INFINITE_RECURSION = YES;
				CLANG_WARN_INT_CONVERSION = YES;
				CLANG_WARN_OBJC_ROOT_CLASS = YES_ERROR;
				CLANG_WARN_SUSPICIOUS_MOVE = YES;
				CLANG_WARN_UNREACHABLE_CODE = YES;
				CLANG_WARN__DUPLICATE_METHOD_MATCH = YES;
				"CODE_SIGN_IDENTITY[sdk=iphoneos*]" = "iPhone Developer";
				COPY_PHASE_STRIP = NO;
				DEBUG_INFORMATION_FORMAT = dwarf;
				ENABLE_STRICT_OBJC_MSGSEND = YES;
				ENABLE_TESTABILITY = YES;
				GCC_C_LANGUAGE_STANDARD = gnu99;
				GCC_DYNAMIC_NO_PIC = NO;
				GCC_NO_COMMON_BLOCKS = YES;
				GCC_OPTIMIZATION_LEVEL = 0;
				GCC_PREPROCESSOR_DEFINITIONS = (
					"DEBUG=1",
					"$(inherited)",
				);
				GCC_WARN_64_TO_32_BIT_CONVERSION = YES;
				GCC_WARN_ABOUT_RETURN_TYPE = YES_ERROR;
				GCC_WARN_UNDECLARED_SELECTOR = YES;
				GCC_WARN_UNINITIALIZED_AUTOS = YES_AGGRESSIVE;
				GCC_WARN_UNUSED_FUNCTION = YES;
				GCC_WARN_UNUSED_VARIABLE = YES;
				IPHONEOS_DEPLOYMENT_TARGET = 10.3;
				MTL_ENABLE_DEBUG_INFO = YES;
				ONLY_ACTIVE_ARCH = YES;
				SDKROOT = iphoneos;
				SWIFT_ACTIVE_COMPILATION_CONDITIONS = DEBUG;
				SWIFT_OPTIMIZATION_LEVEL = "-Onone";
			};
			name = Debug;
		};
		B110AF6C1F19733C008A8AB6 /* Release */ = {
			isa = XCBuildConfiguration;
			buildSettings = {
				ALWAYS_SEARCH_USER_PATHS = NO;
				CLANG_ANALYZER_NONNULL = YES;
				CLANG_ANALYZER_NUMBER_OBJECT_CONVERSION = YES_AGGRESSIVE;
				CLANG_CXX_LANGUAGE_STANDARD = "gnu++0x";
				CLANG_CXX_LIBRARY = "libc++";
				CLANG_ENABLE_MODULES = YES;
				CLANG_ENABLE_OBJC_ARC = YES;
				CLANG_WARN_BOOL_CONVERSION = YES;
				CLANG_WARN_CONSTANT_CONVERSION = YES;
				CLANG_WARN_DIRECT_OBJC_ISA_USAGE = YES_ERROR;
				CLANG_WARN_DOCUMENTATION_COMMENTS = YES;
				CLANG_WARN_EMPTY_BODY = YES;
				CLANG_WARN_ENUM_CONVERSION = YES;
				CLANG_WARN_INFINITE_RECURSION = YES;
				CLANG_WARN_INT_CONVERSION = YES;
				CLANG_WARN_OBJC_ROOT_CLASS = YES_ERROR;
				CLANG_WARN_SUSPICIOUS_MOVE = YES;
				CLANG_WARN_UNREACHABLE_CODE = YES;
				CLANG_WARN__DUPLICATE_METHOD_MATCH = YES;
				"CODE_SIGN_IDENTITY[sdk=iphoneos*]" = "iPhone Developer";
				COPY_PHASE_STRIP = NO;
				DEBUG_INFORMATION_FORMAT = "dwarf-with-dsym";
				ENABLE_NS_ASSERTIONS = NO;
				ENABLE_STRICT_OBJC_MSGSEND = YES;
				GCC_C_LANGUAGE_STANDARD = gnu99;
				GCC_NO_COMMON_BLOCKS = YES;
				GCC_WARN_64_TO_32_BIT_CONVERSION = YES;
				GCC_WARN_ABOUT_RETURN_TYPE = YES_ERROR;
				GCC_WARN_UNDECLARED_SELECTOR = YES;
				GCC_WARN_UNINITIALIZED_AUTOS = YES_AGGRESSIVE;
				GCC_WARN_UNUSED_FUNCTION = YES;
				GCC_WARN_UNUSED_VARIABLE = YES;
				IPHONEOS_DEPLOYMENT_TARGET = 10.3;
				MTL_ENABLE_DEBUG_INFO = NO;
				SDKROOT = iphoneos;
				SWIFT_OPTIMIZATION_LEVEL = "-Owholemodule";
				VALIDATE_PRODUCT = YES;
			};
			name = Release;
		};
		B110AF6E1F19733C008A8AB6 /* Debug */ = {
			isa = XCBuildConfiguration;
			baseConfigurationReference = C2553C5972D7BC8A13154473 /* Pods-Upspot.debug.xcconfig */;
			buildSettings = {
				ASSETCATALOG_COMPILER_APPICON_NAME = AppIcon;
				INFOPLIST_FILE = Upspot/Info.plist;
				LD_RUNPATH_SEARCH_PATHS = "$(inherited) @executable_path/Frameworks";
				PRODUCT_BUNDLE_IDENTIFIER = com.brunocampos.Upspot;
				PRODUCT_NAME = "$(TARGET_NAME)";
				SWIFT_VERSION = 3.0;
			};
			name = Debug;
		};
		B110AF6F1F19733C008A8AB6 /* Release */ = {
			isa = XCBuildConfiguration;
			baseConfigurationReference = 6AA9AB5B4109E58BDAA5EADD /* Pods-Upspot.release.xcconfig */;
			buildSettings = {
				ASSETCATALOG_COMPILER_APPICON_NAME = AppIcon;
				INFOPLIST_FILE = Upspot/Info.plist;
				LD_RUNPATH_SEARCH_PATHS = "$(inherited) @executable_path/Frameworks";
				PRODUCT_BUNDLE_IDENTIFIER = com.brunocampos.Upspot;
				PRODUCT_NAME = "$(TARGET_NAME)";
				SWIFT_VERSION = 3.0;
			};
			name = Release;
		};
/* End XCBuildConfiguration section */

/* Begin XCConfigurationList section */
		B110AF531F19733C008A8AB6 /* Build configuration list for PBXProject "Upspot" */ = {
			isa = XCConfigurationList;
			buildConfigurations = (
				B110AF6B1F19733C008A8AB6 /* Debug */,
				B110AF6C1F19733C008A8AB6 /* Release */,
			);
			defaultConfigurationIsVisible = 0;
			defaultConfigurationName = Release;
		};
		B110AF6D1F19733C008A8AB6 /* Build configuration list for PBXNativeTarget "Upspot" */ = {
			isa = XCConfigurationList;
			buildConfigurations = (
				B110AF6E1F19733C008A8AB6 /* Debug */,
				B110AF6F1F19733C008A8AB6 /* Release */,
			);
			defaultConfigurationIsVisible = 0;
			defaultConfigurationName = Release;
		};
/* End XCConfigurationList section */

/* Begin XCVersionGroup section */
		B110AF621F19733C008A8AB6 /* Upspot.xcdatamodeld */ = {
			isa = XCVersionGroup;
			children = (
				B110AF631F19733C008A8AB6 /* Upspot.xcdatamodel */,
			);
			currentVersion = B110AF631F19733C008A8AB6 /* Upspot.xcdatamodel */;
			path = Upspot.xcdatamodeld;
			sourceTree = "<group>";
			versionGroupType = wrapper.xcdatamodel;
		};
/* End XCVersionGroup section */
	};
	rootObject = B110AF501F19733C008A8AB6 /* Project object */;
}
